
Microsoft Visual Studio Solution File, Format Version 12.00
# Visual Studio Version 17
VisualStudioVersion = 17.3.32825.248
MinimumVisualStudioVersion = 10.0.40219.1
Project("{9A19103F-16F7-4668-BE54-9A1E7A4F7556}") = "actors", "actors\actors.csproj", "{237D63B1-2982-4113-B0C6-E1DC50AEFBA8}"
EndProject
Project("{9A19103F-16F7-4668-BE54-9A1E7A4F7556}") = "actor.tests", "actor.tests\actor.tests.csproj", "{2A5BDA2C-749F-48D2-9AC2-CC07AFA0F308}"
EndProject
Global
	GlobalSection(SolutionConfigurationPlatforms) = preSolution
		Debug|Any CPU = Debug|Any CPU
		Release|Any CPU = Release|Any CPU
	EndGlobalSection
	GlobalSection(ProjectConfigurationPlatforms) = postSolution
		{237D63B1-2982-4113-B0C6-E1DC50AEFBA8}.Debug|Any CPU.ActiveCfg = Debug|Any CPU
		{237D63B1-2982-4113-B0C6-E1DC50AEFBA8}.Debug|Any CPU.Build.0 = Debug|Any CPU
		{237D63B1-2982-4113-B0C6-E1DC50AEFBA8}.Release|Any CPU.ActiveCfg = Release|Any CPU
		{237D63B1-2982-4113-B0C6-E1DC50AEFBA8}.Release|Any CPU.Build.0 = Release|Any CPU
		{2A5BDA2C-749F-48D2-9AC2-CC07AFA0F308}.Debug|Any CPU.ActiveCfg = Debug|Any CPU
		{2A5BDA2C-749F-48D2-9AC2-CC07AFA0F308}.Debug|Any CPU.Build.0 = Debug|Any CPU
		{2A5BDA2C-749F-48D2-9AC2-CC07AFA0F308}.Release|Any CPU.ActiveCfg = Release|Any CPU
		{2A5BDA2C-749F-48D2-9AC2-CC07AFA0F308}.Release|Any CPU.Build.0 = Release|Any CPU
	EndGlobalSection
	GlobalSection(SolutionProperties) = preSolution
		HideSolutionNode = FALSE
	EndGlobalSection
	GlobalSection(ExtensibilityGlobals) = postSolution
		SolutionGuid = {C351F273-025B-4676-9FF5-E665FE7F5BCD}
	EndGlobalSection
EndGlobal
